
Microsoft Visual Studio Solution File, Format Version 12.00
# Visual Studio Version 16
VisualStudioVersion = 16.0.30011.22
MinimumVisualStudioVersion = 10.0.40219.1
Project("{FAE04EC0-301F-11D3-BF4B-00C04F79EFBC}") = "ConsoleWeather", "ConsoleWeather\ConsoleWeather.csproj", "{84999DDC-85D1-45D9-85B7-7F631CE51C6C}"
EndProject
Project("{FAE04EC0-301F-11D3-BF4B-00C04F79EFBC}") = "Domain", "Domain\Domain.csproj", "{A2E49F49-DD8B-4714-AC3E-7AE6F0AC27B6}"
EndProject
Project("{FAE04EC0-301F-11D3-BF4B-00C04F79EFBC}") = "Unit.Tests", "Unit.Tests\Unit.Tests.csproj", "{F9024ABF-2B3C-4586-92F4-F51AF2F88E43}"
EndProject
Global
	GlobalSection(SolutionConfigurationPlatforms) = preSolution
		Debug|Any CPU = Debug|Any CPU
		Release|Any CPU = Release|Any CPU
	EndGlobalSection
	GlobalSection(ProjectConfigurationPlatforms) = postSolution
		{84999DDC-85D1-45D9-85B7-7F631CE51C6C}.Debug|Any CPU.ActiveCfg = Debug|Any CPU
		{84999DDC-85D1-45D9-85B7-7F631CE51C6C}.Debug|Any CPU.Build.0 = Debug|Any CPU
		{84999DDC-85D1-45D9-85B7-7F631CE51C6C}.Release|Any CPU.ActiveCfg = Release|Any CPU
		{84999DDC-85D1-45D9-85B7-7F631CE51C6C}.Release|Any CPU.Build.0 = Release|Any CPU
		{A2E49F49-DD8B-4714-AC3E-7AE6F0AC27B6}.Debug|Any CPU.ActiveCfg = Debug|Any CPU
		{A2E49F49-DD8B-4714-AC3E-7AE6F0AC27B6}.Debug|Any CPU.Build.0 = Debug|Any CPU
		{A2E49F49-DD8B-4714-AC3E-7AE6F0AC27B6}.Release|Any CPU.ActiveCfg = Release|Any CPU
		{A2E49F49-DD8B-4714-AC3E-7AE6F0AC27B6}.Release|Any CPU.Build.0 = Release|Any CPU
		{F9024ABF-2B3C-4586-92F4-F51AF2F88E43}.Debug|Any CPU.ActiveCfg = Debug|Any CPU
		{F9024ABF-2B3C-4586-92F4-F51AF2F88E43}.Debug|Any CPU.Build.0 = Debug|Any CPU
		{F9024ABF-2B3C-4586-92F4-F51AF2F88E43}.Release|Any CPU.ActiveCfg = Release|Any CPU
		{F9024ABF-2B3C-4586-92F4-F51AF2F88E43}.Release|Any CPU.Build.0 = Release|Any CPU
	EndGlobalSection
	GlobalSection(SolutionProperties) = preSolution
		HideSolutionNode = FALSE
	EndGlobalSection
	GlobalSection(ExtensibilityGlobals) = postSolution
		SolutionGuid = {6EB3829E-1067-4799-A002-B6136E33910A}
	EndGlobalSection
EndGlobal
